
Microsoft Visual Studio Solution File, Format Version 12.00
# Visual Studio Version 16
VisualStudioVersion = 16.0.31205.134
MinimumVisualStudioVersion = 10.0.40219.1
Project("{FAE04EC0-301F-11D3-BF4B-00C04F79EFBC}") = "Countries_In_World.Android", "Countries_In_World\Countries_In_World.Android\Countries_In_World.Android.csproj", "{E08B3960-6456-45CA-A029-5DDBFCD53734}"
EndProject
Project("{FAE04EC0-301F-11D3-BF4B-00C04F79EFBC}") = "Countries_In_World", "Countries_In_World\Countries_In_World\Countries_In_World.csproj", "{87E9B51A-CC67-4555-8DAE-E35FA710A0B2}"
EndProject
Global
	GlobalSection(SolutionConfigurationPlatforms) = preSolution
		Debug|Any CPU = Debug|Any CPU
		Release|Any CPU = Release|Any CPU
	EndGlobalSection
	GlobalSection(ProjectConfigurationPlatforms) = postSolution
		{E08B3960-6456-45CA-A029-5DDBFCD53734}.Debug|Any CPU.ActiveCfg = Debug|Any CPU
		{E08B3960-6456-45CA-A029-5DDBFCD53734}.Debug|Any CPU.Build.0 = Debug|Any CPU
		{E08B3960-6456-45CA-A029-5DDBFCD53734}.Debug|Any CPU.Deploy.0 = Debug|Any CPU
		{E08B3960-6456-45CA-A029-5DDBFCD53734}.Release|Any CPU.ActiveCfg = Release|Any CPU
		{E08B3960-6456-45CA-A029-5DDBFCD53734}.Release|Any CPU.Build.0 = Release|Any CPU
		{E08B3960-6456-45CA-A029-5DDBFCD53734}.Release|Any CPU.Deploy.0 = Release|Any CPU
		{87E9B51A-CC67-4555-8DAE-E35FA710A0B2}.Debug|Any CPU.ActiveCfg = Debug|Any CPU
		{87E9B51A-CC67-4555-8DAE-E35FA710A0B2}.Debug|Any CPU.Build.0 = Debug|Any CPU
		{87E9B51A-CC67-4555-8DAE-E35FA710A0B2}.Debug|Any CPU.Deploy.0 = Debug|Any CPU
		{87E9B51A-CC67-4555-8DAE-E35FA710A0B2}.Release|Any CPU.ActiveCfg = Release|Any CPU
		{87E9B51A-CC67-4555-8DAE-E35FA710A0B2}.Release|Any CPU.Build.0 = Release|Any CPU
		{87E9B51A-CC67-4555-8DAE-E35FA710A0B2}.Release|Any CPU.Deploy.0 = Release|Any CPU
	EndGlobalSection
	GlobalSection(SolutionProperties) = preSolution
		HideSolutionNode = FALSE
	EndGlobalSection
	GlobalSection(ExtensibilityGlobals) = postSolution
		SolutionGuid = {969CCEA0-ACD4-4DDD-BE70-7A24AFBB0EEE}
	EndGlobalSection
EndGlobal
